
Microsoft Visual Studio Solution File, Format Version 12.00
# Visual Studio 15
VisualStudioVersion = 15.0.28307.1525
MinimumVisualStudioVersion = 10.0.40219.1
Project("{8BC9CEB8-8B4A-11D0-8D11-00A0C91BC942}") = "Homework1", "Homework1\Homework1.vcxproj", "{4AFC2C10-BB8F-4FFA-B5E3-5EB61C9C19B1}"
EndProject
Global
	GlobalSection(SolutionConfigurationPlatforms) = preSolution
		Debug|x64 = Debug|x64
		Debug|x86 = Debug|x86
		Release|x64 = Release|x64
		Release|x86 = Release|x86
	EndGlobalSection
	GlobalSection(ProjectConfigurationPlatforms) = postSolution
		{4AFC2C10-BB8F-4FFA-B5E3-5EB61C9C19B1}.Debug|x64.ActiveCfg = Debug|x64
		{4AFC2C10-BB8F-4FFA-B5E3-5EB61C9C19B1}.Debug|x64.Build.0 = Debug|x64
		{4AFC2C10-BB8F-4FFA-B5E3-5EB61C9C19B1}.Debug|x86.ActiveCfg = Debug|Win32
		{4AFC2C10-BB8F-4FFA-B5E3-5EB61C9C19B1}.Debug|x86.Build.0 = Debug|Win32
		{4AFC2C10-BB8F-4FFA-B5E3-5EB61C9C19B1}.Release|x64.ActiveCfg = Release|x64
		{4AFC2C10-BB8F-4FFA-B5E3-5EB61C9C19B1}.Release|x64.Build.0 = Release|x64
		{4AFC2C10-BB8F-4FFA-B5E3-5EB61C9C19B1}.Release|x86.ActiveCfg = Release|Win32
		{4AFC2C10-BB8F-4FFA-B5E3-5EB61C9C19B1}.Release|x86.Build.0 = Release|Win32
	EndGlobalSection
	GlobalSection(SolutionProperties) = preSolution
		HideSolutionNode = FALSE
	EndGlobalSection
	GlobalSection(ExtensibilityGlobals) = postSolution
		SolutionGuid = {31FF3CD5-4370-496A-A5A3-90A00813392A}
	EndGlobalSection
EndGlobal
